// !$*UTF8*$!
{
	archiveVersion = 1;
	classes = {
	};
	objectVersion = 56;
	objects = {

/* Begin PBXBuildFile section */
		758E369BD4E3C5EB4A2CDD4E /* Pods_ReadyScreenLayout.framework in Frameworks */ = {isa = PBXBuildFile; fileRef = F1D0D62559C010D751D4790D /* Pods_ReadyScreenLayout.framework */; };
		E91724EC2A40505B0083DE00 /* Colors.xcassets in Resources */ = {isa = PBXBuildFile; fileRef = E91724EB2A40505B0083DE00 /* Colors.xcassets */; };
		E91724EF2A4053500083DE00 /* Constants.swift in Sources */ = {isa = PBXBuildFile; fileRef = E91724EE2A4053500083DE00 /* Constants.swift */; };
		E91724F12A40587F0083DE00 /* UIImageView+Ex.swift in Sources */ = {isa = PBXBuildFile; fileRef = E91724F02A40587F0083DE00 /* UIImageView+Ex.swift */; };
		E91724F42A4062130083DE00 /* ProfileModel.swift in Sources */ = {isa = PBXBuildFile; fileRef = E91724F32A4062130083DE00 /* ProfileModel.swift */; };
		E91D67382A3F1E420040A281 /* AppDelegate.swift in Sources */ = {isa = PBXBuildFile; fileRef = E91D67372A3F1E420040A281 /* AppDelegate.swift */; };
		E91D67412A3F1E430040A281 /* Assets.xcassets in Resources */ = {isa = PBXBuildFile; fileRef = E91D67402A3F1E430040A281 /* Assets.xcassets */; };
		E91D67442A3F1E430040A281 /* LaunchScreen.storyboard in Resources */ = {isa = PBXBuildFile; fileRef = E91D67422A3F1E430040A281 /* LaunchScreen.storyboard */; };
		E91D67512A3F1ED70040A281 /* ReadyScreenLayoutView.swift in Sources */ = {isa = PBXBuildFile; fileRef = E91D67502A3F1ED70040A281 /* ReadyScreenLayoutView.swift */; };
		E91D67532A3F1EE90040A281 /* ReadyScreenLayoutController.swift in Sources */ = {isa = PBXBuildFile; fileRef = E91D67522A3F1EE90040A281 /* ReadyScreenLayoutController.swift */; };
		E91D67562A3F8C1C0040A281 /* MarkPro-Bold.otf in Resources */ = {isa = PBXBuildFile; fileRef = E91D67552A3F8C1C0040A281 /* MarkPro-Bold.otf */; };
		E91D67582A3F8C210040A281 /* WorkSans-Regular.otf in Resources */ = {isa = PBXBuildFile; fileRef = E91D67572A3F8C210040A281 /* WorkSans-Regular.otf */; };
		E91D675C2A3FBBB80040A281 /* GradientButtonView.swift in Sources */ = {isa = PBXBuildFile; fileRef = E91D675B2A3FBBB80040A281 /* GradientButtonView.swift */; };
		E91D675F2A3FBC5F0040A281 /* UIView+Ex.swift in Sources */ = {isa = PBXBuildFile; fileRef = E91D675E2A3FBC5F0040A281 /* UIView+Ex.swift */; };
/* End PBXBuildFile section */

/* Begin PBXFileReference section */
		439F4B15DB47D08537BA5410 /* Pods-ReadyScreenLayout.release.xcconfig */ = {isa = PBXFileReference; includeInIndex = 1; lastKnownFileType = text.xcconfig; name = "Pods-ReadyScreenLayout.release.xcconfig"; path = "Target Support Files/Pods-ReadyScreenLayout/Pods-ReadyScreenLayout.release.xcconfig"; sourceTree = "<group>"; };
		C57B63BDE01D8647FB7152EB /* Pods-ReadyScreenLayout.debug.xcconfig */ = {isa = PBXFileReference; includeInIndex = 1; lastKnownFileType = text.xcconfig; name = "Pods-ReadyScreenLayout.debug.xcconfig"; path = "Target Support Files/Pods-ReadyScreenLayout/Pods-ReadyScreenLayout.debug.xcconfig"; sourceTree = "<group>"; };
		E91724EB2A40505B0083DE00 /* Colors.xcassets */ = {isa = PBXFileReference; lastKnownFileType = folder.assetcatalog; path = Colors.xcassets; sourceTree = "<group>"; };
		E91724EE2A4053500083DE00 /* Constants.swift */ = {isa = PBXFileReference; lastKnownFileType = sourcecode.swift; path = Constants.swift; sourceTree = "<group>"; };
		E91724F02A40587F0083DE00 /* UIImageView+Ex.swift */ = {isa = PBXFileReference; lastKnownFileType = sourcecode.swift; path = "UIImageView+Ex.swift"; sourceTree = "<group>"; };
		E91724F32A4062130083DE00 /* ProfileModel.swift */ = {isa = PBXFileReference; lastKnownFileType = sourcecode.swift; path = ProfileModel.swift; sourceTree = "<group>"; };
		E91D67342A3F1E420040A281 /* ReadyScreenLayout.app */ = {isa = PBXFileReference; explicitFileType = wrapper.application; includeInIndex = 0; path = ReadyScreenLayout.app; sourceTree = BUILT_PRODUCTS_DIR; };
		E91D67372A3F1E420040A281 /* AppDelegate.swift */ = {isa = PBXFileReference; lastKnownFileType = sourcecode.swift; path = AppDelegate.swift; sourceTree = "<group>"; };
		E91D67402A3F1E430040A281 /* Assets.xcassets */ = {isa = PBXFileReference; lastKnownFileType = folder.assetcatalog; path = Assets.xcassets; sourceTree = "<group>"; };
		E91D67432A3F1E430040A281 /* Base */ = {isa = PBXFileReference; lastKnownFileType = file.storyboard; name = Base; path = Base.lproj/LaunchScreen.storyboard; sourceTree = "<group>"; };
		E91D67452A3F1E430040A281 /* Info.plist */ = {isa = PBXFileReference; lastKnownFileType = text.plist.xml; path = Info.plist; sourceTree = "<group>"; };
		E91D67502A3F1ED70040A281 /* ReadyScreenLayoutView.swift */ = {isa = PBXFileReference; lastKnownFileType = sourcecode.swift; path = ReadyScreenLayoutView.swift; sourceTree = "<group>"; };
		E91D67522A3F1EE90040A281 /* ReadyScreenLayoutController.swift */ = {isa = PBXFileReference; lastKnownFileType = sourcecode.swift; path = ReadyScreenLayoutController.swift; sourceTree = "<group>"; };
		E91D67552A3F8C1C0040A281 /* MarkPro-Bold.otf */ = {isa = PBXFileReference; lastKnownFileType = file; path = "MarkPro-Bold.otf"; sourceTree = "<group>"; };
		E91D67572A3F8C210040A281 /* WorkSans-Regular.otf */ = {isa = PBXFileReference; lastKnownFileType = file; path = "WorkSans-Regular.otf"; sourceTree = "<group>"; };
		E91D675B2A3FBBB80040A281 /* GradientButtonView.swift */ = {isa = PBXFileReference; lastKnownFileType = sourcecode.swift; path = GradientButtonView.swift; sourceTree = "<group>"; };
		E91D675E2A3FBC5F0040A281 /* UIView+Ex.swift */ = {isa = PBXFileReference; lastKnownFileType = sourcecode.swift; path = "UIView+Ex.swift"; sourceTree = "<group>"; };
		F1D0D62559C010D751D4790D /* Pods_ReadyScreenLayout.framework */ = {isa = PBXFileReference; explicitFileType = wrapper.framework; includeInIndex = 0; path = Pods_ReadyScreenLayout.framework; sourceTree = BUILT_PRODUCTS_DIR; };
/* End PBXFileReference section */

/* Begin PBXFrameworksBuildPhase section */
		E91D67312A3F1E420040A281 /* Frameworks */ = {
			isa = PBXFrameworksBuildPhase;
			buildActionMask = 2147483647;
			files = (
				758E369BD4E3C5EB4A2CDD4E /* Pods_ReadyScreenLayout.framework in Frameworks */,
			);
			runOnlyForDeploymentPostprocessing = 0;
		};
/* End PBXFrameworksBuildPhase section */

/* Begin PBXGroup section */
		8024B435BBE1E97D1E959352 /* Pods */ = {
			isa = PBXGroup;
			children = (
				C57B63BDE01D8647FB7152EB /* Pods-ReadyScreenLayout.debug.xcconfig */,
				439F4B15DB47D08537BA5410 /* Pods-ReadyScreenLayout.release.xcconfig */,
			);
			path = Pods;
			sourceTree = "<group>";
		};
		8C486425AB28F51CE35EED67 /* Frameworks */ = {
			isa = PBXGroup;
			children = (
				F1D0D62559C010D751D4790D /* Pods_ReadyScreenLayout.framework */,
			);
			name = Frameworks;
			sourceTree = "<group>";
		};
		E91724F22A4061FB0083DE00 /* Model */ = {
			isa = PBXGroup;
			children = (
				E91724F32A4062130083DE00 /* ProfileModel.swift */,
			);
			path = Model;
			sourceTree = "<group>";
		};
		E91D672B2A3F1E420040A281 = {
			isa = PBXGroup;
			children = (
				E91D67362A3F1E420040A281 /* ReadyScreenLayout */,
				E91D67352A3F1E420040A281 /* Products */,
				8024B435BBE1E97D1E959352 /* Pods */,
				8C486425AB28F51CE35EED67 /* Frameworks */,
			);
			sourceTree = "<group>";
		};
		E91D67352A3F1E420040A281 /* Products */ = {
			isa = PBXGroup;
			children = (
				E91D67342A3F1E420040A281 /* ReadyScreenLayout.app */,
			);
			name = Products;
			sourceTree = "<group>";
		};
		E91D67362A3F1E420040A281 /* ReadyScreenLayout */ = {
			isa = PBXGroup;
			children = (
				E91D674B2A3F1E610040A281 /* Application */,
				E91724F22A4061FB0083DE00 /* Model */,
				E91D674C2A3F1E860040A281 /* View */,
				E91D674E2A3F1EA00040A281 /* Controller */,
				E91D675D2A3FBC4E0040A281 /* UIExtensions */,
				E91D674D2A3F1E950040A281 /* Resources */,
			);
			path = ReadyScreenLayout;
			sourceTree = "<group>";
		};
		E91D674B2A3F1E610040A281 /* Application */ = {
			isa = PBXGroup;
			children = (
				E91D67372A3F1E420040A281 /* AppDelegate.swift */,
			);
			path = Application;
			sourceTree = "<group>";
		};
		E91D674C2A3F1E860040A281 /* View */ = {
			isa = PBXGroup;
			children = (
				E91D67502A3F1ED70040A281 /* ReadyScreenLayoutView.swift */,
				E91D675B2A3FBBB80040A281 /* GradientButtonView.swift */,
			);
			path = View;
			sourceTree = "<group>";
		};
		E91D674D2A3F1E950040A281 /* Resources */ = {
			isa = PBXGroup;
			children = (
				E91D674F2A3F1EAF0040A281 /* Assets */,
				E91D67542A3F8C080040A281 /* Fonts */,
				E91724EE2A4053500083DE00 /* Constants.swift */,
				E91D67422A3F1E430040A281 /* LaunchScreen.storyboard */,
				E91D67452A3F1E430040A281 /* Info.plist */,
			);
			path = Resources;
			sourceTree = "<group>";
		};
		E91D674E2A3F1EA00040A281 /* Controller */ = {
			isa = PBXGroup;
			children = (
				E91D67522A3F1EE90040A281 /* ReadyScreenLayoutController.swift */,
			);
			path = Controller;
			sourceTree = "<group>";
		};
		E91D674F2A3F1EAF0040A281 /* Assets */ = {
			isa = PBXGroup;
			children = (
				E91D67402A3F1E430040A281 /* Assets.xcassets */,
				E91724EB2A40505B0083DE00 /* Colors.xcassets */,
			);
			path = Assets;
			sourceTree = "<group>";
		};
		E91D67542A3F8C080040A281 /* Fonts */ = {
			isa = PBXGroup;
			children = (
				E91D67552A3F8C1C0040A281 /* MarkPro-Bold.otf */,
				E91D67572A3F8C210040A281 /* WorkSans-Regular.otf */,
			);
			path = Fonts;
			sourceTree = "<group>";
		};
		E91D675D2A3FBC4E0040A281 /* UIExtensions */ = {
			isa = PBXGroup;
			children = (
				E91D675E2A3FBC5F0040A281 /* UIView+Ex.swift */,
				E91724F02A40587F0083DE00 /* UIImageView+Ex.swift */,
			);
			path = UIExtensions;
			sourceTree = "<group>";
		};
/* End PBXGroup section */

/* Begin PBXNativeTarget section */
		E91D67332A3F1E420040A281 /* ReadyScreenLayout */ = {
			isa = PBXNativeTarget;
			buildConfigurationList = E91D67482A3F1E430040A281 /* Build configuration list for PBXNativeTarget "ReadyScreenLayout" */;
			buildPhases = (
				9C18AD6E077D3334FF446217 /* [CP] Check Pods Manifest.lock */,
				E91D67302A3F1E420040A281 /* Sources */,
				E91D67312A3F1E420040A281 /* Frameworks */,
				E91D67322A3F1E420040A281 /* Resources */,
				7607B2753CE73F213F1D5F9B /* [CP] Embed Pods Frameworks */,
			);
			buildRules = (
			);
			dependencies = (
			);
			name = ReadyScreenLayout;
			productName = ReadyScreenLayout;
			productReference = E91D67342A3F1E420040A281 /* ReadyScreenLayout.app */;
			productType = "com.apple.product-type.application";
		};
/* End PBXNativeTarget section */

/* Begin PBXProject section */
		E91D672C2A3F1E420040A281 /* Project object */ = {
			isa = PBXProject;
			attributes = {
				BuildIndependentTargetsInParallel = 1;
				LastSwiftUpdateCheck = 1430;
				LastUpgradeCheck = 1430;
				TargetAttributes = {
					E91D67332A3F1E420040A281 = {
						CreatedOnToolsVersion = 14.3.1;
					};
				};
			};
			buildConfigurationList = E91D672F2A3F1E420040A281 /* Build configuration list for PBXProject "ReadyScreenLayout" */;
			compatibilityVersion = "Xcode 14.0";
			developmentRegion = en;
			hasScannedForEncodings = 0;
			knownRegions = (
				en,
				Base,
			);
			mainGroup = E91D672B2A3F1E420040A281;
			productRefGroup = E91D67352A3F1E420040A281 /* Products */;
			projectDirPath = "";
			projectRoot = "";
			targets = (
				E91D67332A3F1E420040A281 /* ReadyScreenLayout */,
			);
		};
/* End PBXProject section */

/* Begin PBXResourcesBuildPhase section */
		E91D67322A3F1E420040A281 /* Resources */ = {
			isa = PBXResourcesBuildPhase;
			buildActionMask = 2147483647;
			files = (
				E91724EC2A40505B0083DE00 /* Colors.xcassets in Resources */,
				E91D67562A3F8C1C0040A281 /* MarkPro-Bold.otf in Resources */,
				E91D67442A3F1E430040A281 /* LaunchScreen.storyboard in Resources */,
				E91D67582A3F8C210040A281 /* WorkSans-Regular.otf in Resources */,
				E91D67412A3F1E430040A281 /* Assets.xcassets in Resources */,
			);
			runOnlyForDeploymentPostprocessing = 0;
		};
/* End PBXResourcesBuildPhase section */

/* Begin PBXShellScriptBuildPhase section */
		7607B2753CE73F213F1D5F9B /* [CP] Embed Pods Frameworks */ = {
			isa = PBXShellScriptBuildPhase;
			buildActionMask = 2147483647;
			files = (
			);
			inputFileListPaths = (
				"${PODS_ROOT}/Target Support Files/Pods-ReadyScreenLayout/Pods-ReadyScreenLayout-frameworks-${CONFIGURATION}-input-files.xcfilelist",
			);
			name = "[CP] Embed Pods Frameworks";
			outputFileListPaths = (
				"${PODS_ROOT}/Target Support Files/Pods-ReadyScreenLayout/Pods-ReadyScreenLayout-frameworks-${CONFIGURATION}-output-files.xcfilelist",
			);
			runOnlyForDeploymentPostprocessing = 0;
			shellPath = /bin/sh;
			shellScript = "\"${PODS_ROOT}/Target Support Files/Pods-ReadyScreenLayout/Pods-ReadyScreenLayout-frameworks.sh\"\n";
			showEnvVarsInLog = 0;
		};
		9C18AD6E077D3334FF446217 /* [CP] Check Pods Manifest.lock */ = {
			isa = PBXShellScriptBuildPhase;
			buildActionMask = 2147483647;
			files = (
			);
			inputFileListPaths = (
			);
			inputPaths = (
				"${PODS_PODFILE_DIR_PATH}/Podfile.lock",
				"${PODS_ROOT}/Manifest.lock",
			);
			name = "[CP] Check Pods Manifest.lock";
			outputFileListPaths = (
			);
			outputPaths = (
				"$(DERIVED_FILE_DIR)/Pods-ReadyScreenLayout-checkManifestLockResult.txt",
			);
			runOnlyForDeploymentPostprocessing = 0;
			shellPath = /bin/sh;
			shellScript = "diff \"${PODS_PODFILE_DIR_PATH}/Podfile.lock\" \"${PODS_ROOT}/Manifest.lock\" > /dev/null\nif [ $? != 0 ] ; then\n    # print error to STDERR\n    echo \"error: The sandbox is not in sync with the Podfile.lock. Run 'pod install' or update your CocoaPods installation.\" >&2\n    exit 1\nfi\n# This output is used by Xcode 'outputs' to avoid re-running this script phase.\necho \"SUCCESS\" > \"${SCRIPT_OUTPUT_FILE_0}\"\n";
			showEnvVarsInLog = 0;
		};
/* End PBXShellScriptBuildPhase section */

/* Begin PBXSourcesBuildPhase section */
		E91D67302A3F1E420040A281 /* Sources */ = {
			isa = PBXSourcesBuildPhase;
			buildActionMask = 2147483647;
			files = (
				E91D675C2A3FBBB80040A281 /* GradientButtonView.swift in Sources */,
				E91D67512A3F1ED70040A281 /* ReadyScreenLayoutView.swift in Sources */,
				E91D67382A3F1E420040A281 /* AppDelegate.swift in Sources */,
				E91D67532A3F1EE90040A281 /* ReadyScreenLayoutController.swift in Sources */,
				E91D675F2A3FBC5F0040A281 /* UIView+Ex.swift in Sources */,
				E91724EF2A4053500083DE00 /* Constants.swift in Sources */,
				E91724F12A40587F0083DE00 /* UIImageView+Ex.swift in Sources */,
				E91724F42A4062130083DE00 /* ProfileModel.swift in Sources */,
			);
			runOnlyForDeploymentPostprocessing = 0;
		};
/* End PBXSourcesBuildPhase section */

/* Begin PBXVariantGroup section */
		E91D67422A3F1E430040A281 /* LaunchScreen.storyboard */ = {
			isa = PBXVariantGroup;
			children = (
				E91D67432A3F1E430040A281 /* Base */,
			);
			name = LaunchScreen.storyboard;
			sourceTree = "<group>";
		};
/* End PBXVariantGroup section */

/* Begin XCBuildConfiguration section */
		E91D67462A3F1E430040A281 /* Debug */ = {
			isa = XCBuildConfiguration;
			buildSettings = {
				ALWAYS_SEARCH_USER_PATHS = NO;
				CLANG_ANALYZER_NONNULL = YES;
				CLANG_ANALYZER_NUMBER_OBJECT_CONVERSION = YES_AGGRESSIVE;
				CLANG_CXX_LANGUAGE_STANDARD = "gnu++20";
				CLANG_ENABLE_MODULES = YES;
				CLANG_ENABLE_OBJC_ARC = YES;
				CLANG_ENABLE_OBJC_WEAK = YES;
				CLANG_WARN_BLOCK_CAPTURE_AUTORELEASING = YES;
				CLANG_WARN_BOOL_CONVERSION = YES;
				CLANG_WARN_COMMA = YES;
				CLANG_WARN_CONSTANT_CONVERSION = YES;
				CLANG_WARN_DEPRECATED_OBJC_IMPLEMENTATIONS = YES;
				CLANG_WARN_DIRECT_OBJC_ISA_USAGE = YES_ERROR;
				CLANG_WARN_DOCUMENTATION_COMMENTS = YES;
				CLANG_WARN_EMPTY_BODY = YES;
				CLANG_WARN_ENUM_CONVERSION = YES;
				CLANG_WARN_INFINITE_RECURSION = YES;
				CLANG_WARN_INT_CONVERSION = YES;
				CLANG_WARN_NON_LITERAL_NULL_CONVERSION = YES;
				CLANG_WARN_OBJC_IMPLICIT_RETAIN_SELF = YES;
				CLANG_WARN_OBJC_LITERAL_CONVERSION = YES;
				CLANG_WARN_OBJC_ROOT_CLASS = YES_ERROR;
				CLANG_WARN_QUOTED_INCLUDE_IN_FRAMEWORK_HEADER = YES;
				CLANG_WARN_RANGE_LOOP_ANALYSIS = YES;
				CLANG_WARN_STRICT_PROTOTYPES = YES;
				CLANG_WARN_SUSPICIOUS_MOVE = YES;
				CLANG_WARN_UNGUARDED_AVAILABILITY = YES_AGGRESSIVE;
				CLANG_WARN_UNREACHABLE_CODE = YES;
				CLANG_WARN__DUPLICATE_METHOD_MATCH = YES;
				COPY_PHASE_STRIP = NO;
				DEBUG_INFORMATION_FORMAT = dwarf;
				ENABLE_STRICT_OBJC_MSGSEND = YES;
				ENABLE_TESTABILITY = YES;
				GCC_C_LANGUAGE_STANDARD = gnu11;
				GCC_DYNAMIC_NO_PIC = NO;
				GCC_NO_COMMON_BLOCKS = YES;
				GCC_OPTIMIZATION_LEVEL = 0;
				GCC_PREPROCESSOR_DEFINITIONS = (
					"DEBUG=1",
					"$(inherited)",
				);
				GCC_WARN_64_TO_32_BIT_CONVERSION = YES;
				GCC_WARN_ABOUT_RETURN_TYPE = YES_ERROR;
				GCC_WARN_UNDECLARED_SELECTOR = YES;
				GCC_WARN_UNINITIALIZED_AUTOS = YES_AGGRESSIVE;
				GCC_WARN_UNUSED_FUNCTION = YES;
				GCC_WARN_UNUSED_VARIABLE = YES;
				IPHONEOS_DEPLOYMENT_TARGET = 16.0;
				MTL_ENABLE_DEBUG_INFO = INCLUDE_SOURCE;
				MTL_FAST_MATH = YES;
				ONLY_ACTIVE_ARCH = YES;
				SDKROOT = iphoneos;
				SWIFT_ACTIVE_COMPILATION_CONDITIONS = DEBUG;
				SWIFT_OPTIMIZATION_LEVEL = "-Onone";
			};
			name = Debug;
		};
		E91D67472A3F1E430040A281 /* Release */ = {
			isa = XCBuildConfiguration;
			buildSettings = {
				ALWAYS_SEARCH_USER_PATHS = NO;
				CLANG_ANALYZER_NONNULL = YES;
				CLANG_ANALYZER_NUMBER_OBJECT_CONVERSION = YES_AGGRESSIVE;
				CLANG_CXX_LANGUAGE_STANDARD = "gnu++20";
				CLANG_ENABLE_MODULES = YES;
				CLANG_ENABLE_OBJC_ARC = YES;
				CLANG_ENABLE_OBJC_WEAK = YES;
				CLANG_WARN_BLOCK_CAPTURE_AUTORELEASING = YES;
				CLANG_WARN_BOOL_CONVERSION = YES;
				CLANG_WARN_COMMA = YES;
				CLANG_WARN_CONSTANT_CONVERSION = YES;
				CLANG_WARN_DEPRECATED_OBJC_IMPLEMENTATIONS = YES;
				CLANG_WARN_DIRECT_OBJC_ISA_USAGE = YES_ERROR;
				CLANG_WARN_DOCUMENTATION_COMMENTS = YES;
				CLANG_WARN_EMPTY_BODY = YES;
				CLANG_WARN_ENUM_CONVERSION = YES;
				CLANG_WARN_INFINITE_RECURSION = YES;
				CLANG_WARN_INT_CONVERSION = YES;
				CLANG_WARN_NON_LITERAL_NULL_CONVERSION = YES;
				CLANG_WARN_OBJC_IMPLICIT_RETAIN_SELF = YES;
				CLANG_WARN_OBJC_LITERAL_CONVERSION = YES;
				CLANG_WARN_OBJC_ROOT_CLASS = YES_ERROR;
				CLANG_WARN_QUOTED_INCLUDE_IN_FRAMEWORK_HEADER = YES;
				CLANG_WARN_RANGE_LOOP_ANALYSIS = YES;
				CLANG_WARN_STRICT_PROTOTYPES = YES;
				CLANG_WARN_SUSPICIOUS_MOVE = YES;
				CLANG_WARN_UNGUARDED_AVAILABILITY = YES_AGGRESSIVE;
				CLANG_WARN_UNREACHABLE_CODE = YES;
				CLANG_WARN__DUPLICATE_METHOD_MATCH = YES;
				COPY_PHASE_STRIP = NO;
				DEBUG_INFORMATION_FORMAT = "dwarf-with-dsym";
				ENABLE_NS_ASSERTIONS = NO;
				ENABLE_STRICT_OBJC_MSGSEND = YES;
				GCC_C_LANGUAGE_STANDARD = gnu11;
				GCC_NO_COMMON_BLOCKS = YES;
				GCC_WARN_64_TO_32_BIT_CONVERSION = YES;
				GCC_WARN_ABOUT_RETURN_TYPE = YES_ERROR;
				GCC_WARN_UNDECLARED_SELECTOR = YES;
				GCC_WARN_UNINITIALIZED_AUTOS = YES_AGGRESSIVE;
				GCC_WARN_UNUSED_FUNCTION = YES;
				GCC_WARN_UNUSED_VARIABLE = YES;
				IPHONEOS_DEPLOYMENT_TARGET = 16.0;
				MTL_ENABLE_DEBUG_INFO = NO;
				MTL_FAST_MATH = YES;
				SDKROOT = iphoneos;
				SWIFT_COMPILATION_MODE = wholemodule;
				SWIFT_OPTIMIZATION_LEVEL = "-O";
				VALIDATE_PRODUCT = YES;
			};
			name = Release;
		};
		E91D67492A3F1E430040A281 /* Debug */ = {
			isa = XCBuildConfiguration;
			baseConfigurationReference = C57B63BDE01D8647FB7152EB /* Pods-ReadyScreenLayout.debug.xcconfig */;
			buildSettings = {
				ASSETCATALOG_COMPILER_APPICON_NAME = AppIcon;
				ASSETCATALOG_COMPILER_GLOBAL_ACCENT_COLOR_NAME = AccentColor;
				CODE_SIGN_STYLE = Automatic;
				CURRENT_PROJECT_VERSION = 1;
				DEVELOPMENT_TEAM = G4T7QK2U75;
				GENERATE_INFOPLIST_FILE = YES;
				INFOPLIST_FILE = ReadyScreenLayout/Resources/Info.plist;
				INFOPLIST_KEY_UIApplicationSupportsIndirectInputEvents = YES;
				INFOPLIST_KEY_UILaunchStoryboardName = LaunchScreen;
				INFOPLIST_KEY_UISupportedInterfaceOrientations_iPad = "UIInterfaceOrientationPortrait UIInterfaceOrientationPortraitUpsideDown UIInterfaceOrientationLandscapeLeft UIInterfaceOrientationLandscapeRight";
				INFOPLIST_KEY_UISupportedInterfaceOrientations_iPhone = "UIInterfaceOrientationPortrait UIInterfaceOrientationLandscapeLeft UIInterfaceOrientationLandscapeRight";
				IPHONEOS_DEPLOYMENT_TARGET = 16.0;
				LD_RUNPATH_SEARCH_PATHS = (
					"$(inherited)",
					"@executable_path/Frameworks",
				);
				MARKETING_VERSION = 1.0;
				PRODUCT_BUNDLE_IDENTIFIER = com.Innowise.Starovoytov.ReadyScreenLayout;
				PRODUCT_NAME = "$(TARGET_NAME)";
				SWIFT_EMIT_LOC_STRINGS = YES;
				SWIFT_VERSION = 5.0;
				TARGETED_DEVICE_FAMILY = "1,2";
			};
			name = Debug;
		};
		E91D674A2A3F1E430040A281 /* Release */ = {
			isa = XCBuildConfiguration;
			baseConfigurationReference = 439F4B15DB47D08537BA5410 /* Pods-ReadyScreenLayout.release.xcconfig */;
			buildSettings = {
				ASSETCATALOG_COMPILER_APPICON_NAME = AppIcon;
				ASSETCATALOG_COMPILER_GLOBAL_ACCENT_COLOR_NAME = AccentColor;
				CODE_SIGN_STYLE = Automatic;
				CURRENT_PROJECT_VERSION = 1;
				DEVELOPMENT_TEAM = G4T7QK2U75;
				GENERATE_INFOPLIST_FILE = YES;
				INFOPLIST_FILE = ReadyScreenLayout/Resources/Info.plist;
				INFOPLIST_KEY_UIApplicationSupportsIndirectInputEvents = YES;
				INFOPLIST_KEY_UILaunchStoryboardName = LaunchScreen;
				INFOPLIST_KEY_UISupportedInterfaceOrientations_iPad = "UIInterfaceOrientationPortrait UIInterfaceOrientationPortraitUpsideDown UIInterfaceOrientationLandscapeLeft UIInterfaceOrientationLandscapeRight";
				INFOPLIST_KEY_UISupportedInterfaceOrientations_iPhone = "UIInterfaceOrientationPortrait UIInterfaceOrientationLandscapeLeft UIInterfaceOrientationLandscapeRight";
				IPHONEOS_DEPLOYMENT_TARGET = 16.0;
				LD_RUNPATH_SEARCH_PATHS = (
					"$(inherited)",
					"@executable_path/Frameworks",
				);
				MARKETING_VERSION = 1.0;
				PRODUCT_BUNDLE_IDENTIFIER = com.Innowise.Starovoytov.ReadyScreenLayout;
				PRODUCT_NAME = "$(TARGET_NAME)";
				SWIFT_EMIT_LOC_STRINGS = YES;
				SWIFT_VERSION = 5.0;
				TARGETED_DEVICE_FAMILY = "1,2";
			};
			name = Release;
		};
/* End XCBuildConfiguration section */

/* Begin XCConfigurationList section */
		E91D672F2A3F1E420040A281 /* Build configuration list for PBXProject "ReadyScreenLayout" */ = {
			isa = XCConfigurationList;
			buildConfigurations = (
				E91D67462A3F1E430040A281 /* Debug */,
				E91D67472A3F1E430040A281 /* Release */,
			);
			defaultConfigurationIsVisible = 0;
			defaultConfigurationName = Release;
		};
		E91D67482A3F1E430040A281 /* Build configuration list for PBXNativeTarget "ReadyScreenLayout" */ = {
			isa = XCConfigurationList;
			buildConfigurations = (
				E91D67492A3F1E430040A281 /* Debug */,
				E91D674A2A3F1E430040A281 /* Release */,
			);
			defaultConfigurationIsVisible = 0;
			defaultConfigurationName = Release;
		};
/* End XCConfigurationList section */
	};
	rootObject = E91D672C2A3F1E420040A281 /* Project object */;
}
