// !$*UTF8*$!
{
	archiveVersion = 1;
	classes = {
	};
	objectVersion = 56;
	objects = {

/* Begin PBXBuildFile section */
		604449583371BD95A613D328 /* Pods_WorkWithLists.framework in Frameworks */ = {isa = PBXBuildFile; fileRef = C65B3CABADF42002328C855F /* Pods_WorkWithLists.framework */; };
		E95244292A518E500045FA59 /* AppDelegate.swift in Sources */ = {isa = PBXBuildFile; fileRef = E95244282A518E500045FA59 /* AppDelegate.swift */; };
		E952442D2A518E500045FA59 /* FirstListOfUsersViewController.swift in Sources */ = {isa = PBXBuildFile; fileRef = E952442C2A518E500045FA59 /* FirstListOfUsersViewController.swift */; };
		E95244322A518E510045FA59 /* Assets.xcassets in Resources */ = {isa = PBXBuildFile; fileRef = E95244312A518E510045FA59 /* Assets.xcassets */; };
		E95244352A518E510045FA59 /* LaunchScreen.storyboard in Resources */ = {isa = PBXBuildFile; fileRef = E95244332A518E510045FA59 /* LaunchScreen.storyboard */; };
		E95244432A51906B0045FA59 /* User.swift in Sources */ = {isa = PBXBuildFile; fileRef = E95244422A51906B0045FA59 /* User.swift */; };
		E95244452A5191220045FA59 /* UserGenerator.swift in Sources */ = {isa = PBXBuildFile; fileRef = E95244442A5191220045FA59 /* UserGenerator.swift */; };
		E95244472A5194530045FA59 /* TabBarViewController.swift in Sources */ = {isa = PBXBuildFile; fileRef = E95244462A5194530045FA59 /* TabBarViewController.swift */; };
		E952444A2A5194F00045FA59 /* UITabBarController+Ex.swift in Sources */ = {isa = PBXBuildFile; fileRef = E95244492A5194F00045FA59 /* UITabBarController+Ex.swift */; };
		E952444C2A51A14B0045FA59 /* Colors.xcassets in Resources */ = {isa = PBXBuildFile; fileRef = E952444B2A51A14B0045FA59 /* Colors.xcassets */; };
		E952444F2A51A59B0045FA59 /* MarkPro-Bold.otf in Resources */ = {isa = PBXBuildFile; fileRef = E952444E2A51A59B0045FA59 /* MarkPro-Bold.otf */; };
		E95244522A51F9200045FA59 /* FirstListOfUsersTableCell.swift in Sources */ = {isa = PBXBuildFile; fileRef = E95244512A51F9200045FA59 /* FirstListOfUsersTableCell.swift */; };
		E95244542A5210D70045FA59 /* Icons.xcassets in Resources */ = {isa = PBXBuildFile; fileRef = E95244532A5210D70045FA59 /* Icons.xcassets */; };
		E95244562A5215200045FA59 /* UIImageView+Ex.swift in Sources */ = {isa = PBXBuildFile; fileRef = E95244552A5215200045FA59 /* UIImageView+Ex.swift */; };
		E95244582A5217480045FA59 /* SecondListOfUsersViewController.swift in Sources */ = {isa = PBXBuildFile; fileRef = E95244572A5217480045FA59 /* SecondListOfUsersViewController.swift */; };
		E952445A2A5217780045FA59 /* ThirdListOfUsersViewController.swift in Sources */ = {isa = PBXBuildFile; fileRef = E95244592A5217780045FA59 /* ThirdListOfUsersViewController.swift */; };
		E952445C2A52179D0045FA59 /* FourthListOfUsersViewController.swift in Sources */ = {isa = PBXBuildFile; fileRef = E952445B2A52179D0045FA59 /* FourthListOfUsersViewController.swift */; };
		E952445E2A5217B40045FA59 /* FifthListOfUsersViewController.swift in Sources */ = {isa = PBXBuildFile; fileRef = E952445D2A5217B40045FA59 /* FifthListOfUsersViewController.swift */; };
		E95244602A521F840045FA59 /* UIView+Ex.swift in Sources */ = {isa = PBXBuildFile; fileRef = E952445F2A521F840045FA59 /* UIView+Ex.swift */; };
		E98499D92A52D2E0005EFEFE /* SecondListOfUsersTableCell.swift in Sources */ = {isa = PBXBuildFile; fileRef = E98499D82A52D2E0005EFEFE /* SecondListOfUsersTableCell.swift */; };
/* End PBXBuildFile section */

/* Begin PBXFileReference section */
		72E4DA4DEF5090DC3C29E5DD /* Pods-WorkWithLists.release.xcconfig */ = {isa = PBXFileReference; includeInIndex = 1; lastKnownFileType = text.xcconfig; name = "Pods-WorkWithLists.release.xcconfig"; path = "Target Support Files/Pods-WorkWithLists/Pods-WorkWithLists.release.xcconfig"; sourceTree = "<group>"; };
		74E43DAC6EC7EB4819FAB9C2 /* Pods-WorkWithLists.debug.xcconfig */ = {isa = PBXFileReference; includeInIndex = 1; lastKnownFileType = text.xcconfig; name = "Pods-WorkWithLists.debug.xcconfig"; path = "Target Support Files/Pods-WorkWithLists/Pods-WorkWithLists.debug.xcconfig"; sourceTree = "<group>"; };
		C65B3CABADF42002328C855F /* Pods_WorkWithLists.framework */ = {isa = PBXFileReference; explicitFileType = wrapper.framework; includeInIndex = 0; path = Pods_WorkWithLists.framework; sourceTree = BUILT_PRODUCTS_DIR; };
		E95244252A518E500045FA59 /* WorkWithLists.app */ = {isa = PBXFileReference; explicitFileType = wrapper.application; includeInIndex = 0; path = WorkWithLists.app; sourceTree = BUILT_PRODUCTS_DIR; };
		E95244282A518E500045FA59 /* AppDelegate.swift */ = {isa = PBXFileReference; lastKnownFileType = sourcecode.swift; path = AppDelegate.swift; sourceTree = "<group>"; };
		E952442C2A518E500045FA59 /* FirstListOfUsersViewController.swift */ = {isa = PBXFileReference; lastKnownFileType = sourcecode.swift; path = FirstListOfUsersViewController.swift; sourceTree = "<group>"; };
		E95244312A518E510045FA59 /* Assets.xcassets */ = {isa = PBXFileReference; lastKnownFileType = folder.assetcatalog; path = Assets.xcassets; sourceTree = "<group>"; };
		E95244342A518E510045FA59 /* Base */ = {isa = PBXFileReference; lastKnownFileType = file.storyboard; name = Base; path = Base.lproj/LaunchScreen.storyboard; sourceTree = "<group>"; };
		E95244362A518E510045FA59 /* Info.plist */ = {isa = PBXFileReference; lastKnownFileType = text.plist.xml; path = Info.plist; sourceTree = "<group>"; };
		E95244422A51906B0045FA59 /* User.swift */ = {isa = PBXFileReference; lastKnownFileType = sourcecode.swift; path = User.swift; sourceTree = "<group>"; };
		E95244442A5191220045FA59 /* UserGenerator.swift */ = {isa = PBXFileReference; lastKnownFileType = sourcecode.swift; path = UserGenerator.swift; sourceTree = "<group>"; };
		E95244462A5194530045FA59 /* TabBarViewController.swift */ = {isa = PBXFileReference; lastKnownFileType = sourcecode.swift; path = TabBarViewController.swift; sourceTree = "<group>"; };
		E95244492A5194F00045FA59 /* UITabBarController+Ex.swift */ = {isa = PBXFileReference; lastKnownFileType = sourcecode.swift; path = "UITabBarController+Ex.swift"; sourceTree = "<group>"; };
		E952444B2A51A14B0045FA59 /* Colors.xcassets */ = {isa = PBXFileReference; lastKnownFileType = folder.assetcatalog; path = Colors.xcassets; sourceTree = "<group>"; };
		E952444E2A51A59B0045FA59 /* MarkPro-Bold.otf */ = {isa = PBXFileReference; lastKnownFileType = file; path = "MarkPro-Bold.otf"; sourceTree = "<group>"; };
		E95244512A51F9200045FA59 /* FirstListOfUsersTableCell.swift */ = {isa = PBXFileReference; lastKnownFileType = sourcecode.swift; path = FirstListOfUsersTableCell.swift; sourceTree = "<group>"; };
		E95244532A5210D70045FA59 /* Icons.xcassets */ = {isa = PBXFileReference; lastKnownFileType = folder.assetcatalog; path = Icons.xcassets; sourceTree = "<group>"; };
		E95244552A5215200045FA59 /* UIImageView+Ex.swift */ = {isa = PBXFileReference; lastKnownFileType = sourcecode.swift; path = "UIImageView+Ex.swift"; sourceTree = "<group>"; };
		E95244572A5217480045FA59 /* SecondListOfUsersViewController.swift */ = {isa = PBXFileReference; lastKnownFileType = sourcecode.swift; path = SecondListOfUsersViewController.swift; sourceTree = "<group>"; };
		E95244592A5217780045FA59 /* ThirdListOfUsersViewController.swift */ = {isa = PBXFileReference; lastKnownFileType = sourcecode.swift; path = ThirdListOfUsersViewController.swift; sourceTree = "<group>"; };
		E952445B2A52179D0045FA59 /* FourthListOfUsersViewController.swift */ = {isa = PBXFileReference; lastKnownFileType = sourcecode.swift; path = FourthListOfUsersViewController.swift; sourceTree = "<group>"; };
		E952445D2A5217B40045FA59 /* FifthListOfUsersViewController.swift */ = {isa = PBXFileReference; lastKnownFileType = sourcecode.swift; path = FifthListOfUsersViewController.swift; sourceTree = "<group>"; };
		E952445F2A521F840045FA59 /* UIView+Ex.swift */ = {isa = PBXFileReference; lastKnownFileType = sourcecode.swift; path = "UIView+Ex.swift"; sourceTree = "<group>"; };
		E98499D82A52D2E0005EFEFE /* SecondListOfUsersTableCell.swift */ = {isa = PBXFileReference; lastKnownFileType = sourcecode.swift; path = SecondListOfUsersTableCell.swift; sourceTree = "<group>"; };
/* End PBXFileReference section */

/* Begin PBXFrameworksBuildPhase section */
		E95244222A518E500045FA59 /* Frameworks */ = {
			isa = PBXFrameworksBuildPhase;
			buildActionMask = 2147483647;
			files = (
				604449583371BD95A613D328 /* Pods_WorkWithLists.framework in Frameworks */,
			);
			runOnlyForDeploymentPostprocessing = 0;
		};
/* End PBXFrameworksBuildPhase section */

/* Begin PBXGroup section */
		2326BFA9EE314B30EFC9D0B2 /* Frameworks */ = {
			isa = PBXGroup;
			children = (
				C65B3CABADF42002328C855F /* Pods_WorkWithLists.framework */,
			);
			name = Frameworks;
			sourceTree = "<group>";
		};
		465EAD93857BC6293CB80CCD /* Pods */ = {
			isa = PBXGroup;
			children = (
				74E43DAC6EC7EB4819FAB9C2 /* Pods-WorkWithLists.debug.xcconfig */,
				72E4DA4DEF5090DC3C29E5DD /* Pods-WorkWithLists.release.xcconfig */,
			);
			path = Pods;
			sourceTree = "<group>";
		};
		E952441C2A518E500045FA59 = {
			isa = PBXGroup;
			children = (
				E95244272A518E500045FA59 /* WorkWithLists */,
				E95244262A518E500045FA59 /* Products */,
				465EAD93857BC6293CB80CCD /* Pods */,
				2326BFA9EE314B30EFC9D0B2 /* Frameworks */,
			);
			sourceTree = "<group>";
		};
		E95244262A518E500045FA59 /* Products */ = {
			isa = PBXGroup;
			children = (
				E95244252A518E500045FA59 /* WorkWithLists.app */,
			);
			name = Products;
			sourceTree = "<group>";
		};
		E95244272A518E500045FA59 /* WorkWithLists */ = {
			isa = PBXGroup;
			children = (
				E952443C2A518EA80045FA59 /* Application */,
				E95244412A51904F0045FA59 /* Model */,
				E952443D2A518EAF0045FA59 /* ViewController */,
				E95244402A518FAC0045FA59 /* Helpers */,
				E95244482A5194E40045FA59 /* Extensions */,
				E952443E2A518EBC0045FA59 /* Resources */,
			);
			path = WorkWithLists;
			sourceTree = "<group>";
		};
		E952443C2A518EA80045FA59 /* Application */ = {
			isa = PBXGroup;
			children = (
				E95244282A518E500045FA59 /* AppDelegate.swift */,
			);
			path = Application;
			sourceTree = "<group>";
		};
		E952443D2A518EAF0045FA59 /* ViewController */ = {
			isa = PBXGroup;
			children = (
				E95244462A5194530045FA59 /* TabBarViewController.swift */,
				E95244502A51F8A40045FA59 /* Cell */,
				E952442C2A518E500045FA59 /* FirstListOfUsersViewController.swift */,
				E95244572A5217480045FA59 /* SecondListOfUsersViewController.swift */,
				E95244592A5217780045FA59 /* ThirdListOfUsersViewController.swift */,
				E952445B2A52179D0045FA59 /* FourthListOfUsersViewController.swift */,
				E952445D2A5217B40045FA59 /* FifthListOfUsersViewController.swift */,
			);
			path = ViewController;
			sourceTree = "<group>";
		};
		E952443E2A518EBC0045FA59 /* Resources */ = {
			isa = PBXGroup;
			children = (
				E952443F2A518EC40045FA59 /* Assets */,
				E952444D2A51A55B0045FA59 /* Fonts */,
				E95244332A518E510045FA59 /* LaunchScreen.storyboard */,
				E95244362A518E510045FA59 /* Info.plist */,
			);
			path = Resources;
			sourceTree = "<group>";
		};
		E952443F2A518EC40045FA59 /* Assets */ = {
			isa = PBXGroup;
			children = (
				E95244312A518E510045FA59 /* Assets.xcassets */,
				E952444B2A51A14B0045FA59 /* Colors.xcassets */,
				E95244532A5210D70045FA59 /* Icons.xcassets */,
			);
			path = Assets;
			sourceTree = "<group>";
		};
		E95244402A518FAC0045FA59 /* Helpers */ = {
			isa = PBXGroup;
			children = (
				E95244442A5191220045FA59 /* UserGenerator.swift */,
			);
			path = Helpers;
			sourceTree = "<group>";
		};
		E95244412A51904F0045FA59 /* Model */ = {
			isa = PBXGroup;
			children = (
				E95244422A51906B0045FA59 /* User.swift */,
			);
			path = Model;
			sourceTree = "<group>";
		};
		E95244482A5194E40045FA59 /* Extensions */ = {
			isa = PBXGroup;
			children = (
				E95244492A5194F00045FA59 /* UITabBarController+Ex.swift */,
				E95244552A5215200045FA59 /* UIImageView+Ex.swift */,
				E952445F2A521F840045FA59 /* UIView+Ex.swift */,
			);
			path = Extensions;
			sourceTree = "<group>";
		};
		E952444D2A51A55B0045FA59 /* Fonts */ = {
			isa = PBXGroup;
			children = (
				E952444E2A51A59B0045FA59 /* MarkPro-Bold.otf */,
			);
			path = Fonts;
			sourceTree = "<group>";
		};
		E95244502A51F8A40045FA59 /* Cell */ = {
			isa = PBXGroup;
			children = (
				E95244512A51F9200045FA59 /* FirstListOfUsersTableCell.swift */,
				E98499D82A52D2E0005EFEFE /* SecondListOfUsersTableCell.swift */,
			);
			path = Cell;
			sourceTree = "<group>";
		};
/* End PBXGroup section */

/* Begin PBXNativeTarget section */
		E95244242A518E500045FA59 /* WorkWithLists */ = {
			isa = PBXNativeTarget;
			buildConfigurationList = E95244392A518E510045FA59 /* Build configuration list for PBXNativeTarget "WorkWithLists" */;
			buildPhases = (
				EC580CDC2BCCD71895E40704 /* [CP] Check Pods Manifest.lock */,
				E95244212A518E500045FA59 /* Sources */,
				E95244222A518E500045FA59 /* Frameworks */,
				E95244232A518E500045FA59 /* Resources */,
				D36AB51692E26F158AB0D60F /* [CP] Embed Pods Frameworks */,
			);
			buildRules = (
			);
			dependencies = (
			);
			name = WorkWithLists;
			productName = WorkWithLists;
			productReference = E95244252A518E500045FA59 /* WorkWithLists.app */;
			productType = "com.apple.product-type.application";
		};
/* End PBXNativeTarget section */

/* Begin PBXProject section */
		E952441D2A518E500045FA59 /* Project object */ = {
			isa = PBXProject;
			attributes = {
				BuildIndependentTargetsInParallel = 1;
				LastSwiftUpdateCheck = 1430;
				LastUpgradeCheck = 1430;
				TargetAttributes = {
					E95244242A518E500045FA59 = {
						CreatedOnToolsVersion = 14.3.1;
					};
				};
			};
			buildConfigurationList = E95244202A518E500045FA59 /* Build configuration list for PBXProject "WorkWithLists" */;
			compatibilityVersion = "Xcode 14.0";
			developmentRegion = en;
			hasScannedForEncodings = 0;
			knownRegions = (
				en,
				Base,
			);
			mainGroup = E952441C2A518E500045FA59;
			productRefGroup = E95244262A518E500045FA59 /* Products */;
			projectDirPath = "";
			projectRoot = "";
			targets = (
				E95244242A518E500045FA59 /* WorkWithLists */,
			);
		};
/* End PBXProject section */

/* Begin PBXResourcesBuildPhase section */
		E95244232A518E500045FA59 /* Resources */ = {
			isa = PBXResourcesBuildPhase;
			buildActionMask = 2147483647;
			files = (
				E952444C2A51A14B0045FA59 /* Colors.xcassets in Resources */,
				E952444F2A51A59B0045FA59 /* MarkPro-Bold.otf in Resources */,
				E95244352A518E510045FA59 /* LaunchScreen.storyboard in Resources */,
				E95244322A518E510045FA59 /* Assets.xcassets in Resources */,
				E95244542A5210D70045FA59 /* Icons.xcassets in Resources */,
			);
			runOnlyForDeploymentPostprocessing = 0;
		};
/* End PBXResourcesBuildPhase section */

/* Begin PBXShellScriptBuildPhase section */
		D36AB51692E26F158AB0D60F /* [CP] Embed Pods Frameworks */ = {
			isa = PBXShellScriptBuildPhase;
			buildActionMask = 2147483647;
			files = (
			);
			inputFileListPaths = (
				"${PODS_ROOT}/Target Support Files/Pods-WorkWithLists/Pods-WorkWithLists-frameworks-${CONFIGURATION}-input-files.xcfilelist",
			);
			name = "[CP] Embed Pods Frameworks";
			outputFileListPaths = (
				"${PODS_ROOT}/Target Support Files/Pods-WorkWithLists/Pods-WorkWithLists-frameworks-${CONFIGURATION}-output-files.xcfilelist",
			);
			runOnlyForDeploymentPostprocessing = 0;
			shellPath = /bin/sh;
			shellScript = "\"${PODS_ROOT}/Target Support Files/Pods-WorkWithLists/Pods-WorkWithLists-frameworks.sh\"\n";
			showEnvVarsInLog = 0;
		};
		EC580CDC2BCCD71895E40704 /* [CP] Check Pods Manifest.lock */ = {
			isa = PBXShellScriptBuildPhase;
			buildActionMask = 2147483647;
			files = (
			);
			inputFileListPaths = (
			);
			inputPaths = (
				"${PODS_PODFILE_DIR_PATH}/Podfile.lock",
				"${PODS_ROOT}/Manifest.lock",
			);
			name = "[CP] Check Pods Manifest.lock";
			outputFileListPaths = (
			);
			outputPaths = (
				"$(DERIVED_FILE_DIR)/Pods-WorkWithLists-checkManifestLockResult.txt",
			);
			runOnlyForDeploymentPostprocessing = 0;
			shellPath = /bin/sh;
			shellScript = "diff \"${PODS_PODFILE_DIR_PATH}/Podfile.lock\" \"${PODS_ROOT}/Manifest.lock\" > /dev/null\nif [ $? != 0 ] ; then\n    # print error to STDERR\n    echo \"error: The sandbox is not in sync with the Podfile.lock. Run 'pod install' or update your CocoaPods installation.\" >&2\n    exit 1\nfi\n# This output is used by Xcode 'outputs' to avoid re-running this script phase.\necho \"SUCCESS\" > \"${SCRIPT_OUTPUT_FILE_0}\"\n";
			showEnvVarsInLog = 0;
		};
/* End PBXShellScriptBuildPhase section */

/* Begin PBXSourcesBuildPhase section */
		E95244212A518E500045FA59 /* Sources */ = {
			isa = PBXSourcesBuildPhase;
			buildActionMask = 2147483647;
			files = (
				E952445A2A5217780045FA59 /* ThirdListOfUsersViewController.swift in Sources */,
				E95244582A5217480045FA59 /* SecondListOfUsersViewController.swift in Sources */,
				E95244602A521F840045FA59 /* UIView+Ex.swift in Sources */,
				E95244522A51F9200045FA59 /* FirstListOfUsersTableCell.swift in Sources */,
				E952445C2A52179D0045FA59 /* FourthListOfUsersViewController.swift in Sources */,
				E95244452A5191220045FA59 /* UserGenerator.swift in Sources */,
				E952442D2A518E500045FA59 /* FirstListOfUsersViewController.swift in Sources */,
				E95244562A5215200045FA59 /* UIImageView+Ex.swift in Sources */,
				E98499D92A52D2E0005EFEFE /* SecondListOfUsersTableCell.swift in Sources */,
				E952444A2A5194F00045FA59 /* UITabBarController+Ex.swift in Sources */,
				E95244292A518E500045FA59 /* AppDelegate.swift in Sources */,
				E95244472A5194530045FA59 /* TabBarViewController.swift in Sources */,
				E952445E2A5217B40045FA59 /* FifthListOfUsersViewController.swift in Sources */,
				E95244432A51906B0045FA59 /* User.swift in Sources */,
			);
			runOnlyForDeploymentPostprocessing = 0;
		};
/* End PBXSourcesBuildPhase section */

/* Begin PBXVariantGroup section */
		E95244332A518E510045FA59 /* LaunchScreen.storyboard */ = {
			isa = PBXVariantGroup;
			children = (
				E95244342A518E510045FA59 /* Base */,
			);
			name = LaunchScreen.storyboard;
			sourceTree = "<group>";
		};
/* End PBXVariantGroup section */

/* Begin XCBuildConfiguration section */
		E95244372A518E510045FA59 /* Debug */ = {
			isa = XCBuildConfiguration;
			buildSettings = {
				ALWAYS_SEARCH_USER_PATHS = NO;
				CLANG_ANALYZER_NONNULL = YES;
				CLANG_ANALYZER_NUMBER_OBJECT_CONVERSION = YES_AGGRESSIVE;
				CLANG_CXX_LANGUAGE_STANDARD = "gnu++20";
				CLANG_ENABLE_MODULES = YES;
				CLANG_ENABLE_OBJC_ARC = YES;
				CLANG_ENABLE_OBJC_WEAK = YES;
				CLANG_WARN_BLOCK_CAPTURE_AUTORELEASING = YES;
				CLANG_WARN_BOOL_CONVERSION = YES;
				CLANG_WARN_COMMA = YES;
				CLANG_WARN_CONSTANT_CONVERSION = YES;
				CLANG_WARN_DEPRECATED_OBJC_IMPLEMENTATIONS = YES;
				CLANG_WARN_DIRECT_OBJC_ISA_USAGE = YES_ERROR;
				CLANG_WARN_DOCUMENTATION_COMMENTS = YES;
				CLANG_WARN_EMPTY_BODY = YES;
				CLANG_WARN_ENUM_CONVERSION = YES;
				CLANG_WARN_INFINITE_RECURSION = YES;
				CLANG_WARN_INT_CONVERSION = YES;
				CLANG_WARN_NON_LITERAL_NULL_CONVERSION = YES;
				CLANG_WARN_OBJC_IMPLICIT_RETAIN_SELF = YES;
				CLANG_WARN_OBJC_LITERAL_CONVERSION = YES;
				CLANG_WARN_OBJC_ROOT_CLASS = YES_ERROR;
				CLANG_WARN_QUOTED_INCLUDE_IN_FRAMEWORK_HEADER = YES;
				CLANG_WARN_RANGE_LOOP_ANALYSIS = YES;
				CLANG_WARN_STRICT_PROTOTYPES = YES;
				CLANG_WARN_SUSPICIOUS_MOVE = YES;
				CLANG_WARN_UNGUARDED_AVAILABILITY = YES_AGGRESSIVE;
				CLANG_WARN_UNREACHABLE_CODE = YES;
				CLANG_WARN__DUPLICATE_METHOD_MATCH = YES;
				COPY_PHASE_STRIP = NO;
				DEBUG_INFORMATION_FORMAT = dwarf;
				ENABLE_STRICT_OBJC_MSGSEND = YES;
				ENABLE_TESTABILITY = YES;
				GCC_C_LANGUAGE_STANDARD = gnu11;
				GCC_DYNAMIC_NO_PIC = NO;
				GCC_NO_COMMON_BLOCKS = YES;
				GCC_OPTIMIZATION_LEVEL = 0;
				GCC_PREPROCESSOR_DEFINITIONS = (
					"DEBUG=1",
					"$(inherited)",
				);
				GCC_WARN_64_TO_32_BIT_CONVERSION = YES;
				GCC_WARN_ABOUT_RETURN_TYPE = YES_ERROR;
				GCC_WARN_UNDECLARED_SELECTOR = YES;
				GCC_WARN_UNINITIALIZED_AUTOS = YES_AGGRESSIVE;
				GCC_WARN_UNUSED_FUNCTION = YES;
				GCC_WARN_UNUSED_VARIABLE = YES;
				IPHONEOS_DEPLOYMENT_TARGET = 16.0;
				MTL_ENABLE_DEBUG_INFO = INCLUDE_SOURCE;
				MTL_FAST_MATH = YES;
				ONLY_ACTIVE_ARCH = YES;
				SDKROOT = iphoneos;
				SWIFT_ACTIVE_COMPILATION_CONDITIONS = DEBUG;
				SWIFT_OPTIMIZATION_LEVEL = "-Onone";
			};
			name = Debug;
		};
		E95244382A518E510045FA59 /* Release */ = {
			isa = XCBuildConfiguration;
			buildSettings = {
				ALWAYS_SEARCH_USER_PATHS = NO;
				CLANG_ANALYZER_NONNULL = YES;
				CLANG_ANALYZER_NUMBER_OBJECT_CONVERSION = YES_AGGRESSIVE;
				CLANG_CXX_LANGUAGE_STANDARD = "gnu++20";
				CLANG_ENABLE_MODULES = YES;
				CLANG_ENABLE_OBJC_ARC = YES;
				CLANG_ENABLE_OBJC_WEAK = YES;
				CLANG_WARN_BLOCK_CAPTURE_AUTORELEASING = YES;
				CLANG_WARN_BOOL_CONVERSION = YES;
				CLANG_WARN_COMMA = YES;
				CLANG_WARN_CONSTANT_CONVERSION = YES;
				CLANG_WARN_DEPRECATED_OBJC_IMPLEMENTATIONS = YES;
				CLANG_WARN_DIRECT_OBJC_ISA_USAGE = YES_ERROR;
				CLANG_WARN_DOCUMENTATION_COMMENTS = YES;
				CLANG_WARN_EMPTY_BODY = YES;
				CLANG_WARN_ENUM_CONVERSION = YES;
				CLANG_WARN_INFINITE_RECURSION = YES;
				CLANG_WARN_INT_CONVERSION = YES;
				CLANG_WARN_NON_LITERAL_NULL_CONVERSION = YES;
				CLANG_WARN_OBJC_IMPLICIT_RETAIN_SELF = YES;
				CLANG_WARN_OBJC_LITERAL_CONVERSION = YES;
				CLANG_WARN_OBJC_ROOT_CLASS = YES_ERROR;
				CLANG_WARN_QUOTED_INCLUDE_IN_FRAMEWORK_HEADER = YES;
				CLANG_WARN_RANGE_LOOP_ANALYSIS = YES;
				CLANG_WARN_STRICT_PROTOTYPES = YES;
				CLANG_WARN_SUSPICIOUS_MOVE = YES;
				CLANG_WARN_UNGUARDED_AVAILABILITY = YES_AGGRESSIVE;
				CLANG_WARN_UNREACHABLE_CODE = YES;
				CLANG_WARN__DUPLICATE_METHOD_MATCH = YES;
				COPY_PHASE_STRIP = NO;
				DEBUG_INFORMATION_FORMAT = "dwarf-with-dsym";
				ENABLE_NS_ASSERTIONS = NO;
				ENABLE_STRICT_OBJC_MSGSEND = YES;
				GCC_C_LANGUAGE_STANDARD = gnu11;
				GCC_NO_COMMON_BLOCKS = YES;
				GCC_WARN_64_TO_32_BIT_CONVERSION = YES;
				GCC_WARN_ABOUT_RETURN_TYPE = YES_ERROR;
				GCC_WARN_UNDECLARED_SELECTOR = YES;
				GCC_WARN_UNINITIALIZED_AUTOS = YES_AGGRESSIVE;
				GCC_WARN_UNUSED_FUNCTION = YES;
				GCC_WARN_UNUSED_VARIABLE = YES;
				IPHONEOS_DEPLOYMENT_TARGET = 16.0;
				MTL_ENABLE_DEBUG_INFO = NO;
				MTL_FAST_MATH = YES;
				SDKROOT = iphoneos;
				SWIFT_COMPILATION_MODE = wholemodule;
				SWIFT_OPTIMIZATION_LEVEL = "-O";
				VALIDATE_PRODUCT = YES;
			};
			name = Release;
		};
		E952443A2A518E510045FA59 /* Debug */ = {
			isa = XCBuildConfiguration;
			baseConfigurationReference = 74E43DAC6EC7EB4819FAB9C2 /* Pods-WorkWithLists.debug.xcconfig */;
			buildSettings = {
				ASSETCATALOG_COMPILER_APPICON_NAME = AppIcon;
				ASSETCATALOG_COMPILER_GLOBAL_ACCENT_COLOR_NAME = AccentColor;
				CODE_SIGN_STYLE = Automatic;
				CURRENT_PROJECT_VERSION = 1;
				DEVELOPMENT_TEAM = G4T7QK2U75;
				GENERATE_INFOPLIST_FILE = YES;
				INFOPLIST_FILE = WorkWithLists/Resources/Info.plist;
				INFOPLIST_KEY_UIApplicationSupportsIndirectInputEvents = YES;
				INFOPLIST_KEY_UILaunchStoryboardName = LaunchScreen;
				INFOPLIST_KEY_UISupportedInterfaceOrientations_iPad = "UIInterfaceOrientationPortrait UIInterfaceOrientationPortraitUpsideDown UIInterfaceOrientationLandscapeLeft UIInterfaceOrientationLandscapeRight";
				INFOPLIST_KEY_UISupportedInterfaceOrientations_iPhone = "UIInterfaceOrientationPortrait UIInterfaceOrientationLandscapeLeft UIInterfaceOrientationLandscapeRight";
				IPHONEOS_DEPLOYMENT_TARGET = 16.0;
				LD_RUNPATH_SEARCH_PATHS = (
					"$(inherited)",
					"@executable_path/Frameworks",
				);
				MARKETING_VERSION = 1.0;
				PRODUCT_BUNDLE_IDENTIFIER = com.Innowise.Starovoytov.WorkWithLists;
				PRODUCT_NAME = "$(TARGET_NAME)";
				SWIFT_EMIT_LOC_STRINGS = YES;
				SWIFT_VERSION = 5.0;
				TARGETED_DEVICE_FAMILY = "1,2";
			};
			name = Debug;
		};
		E952443B2A518E510045FA59 /* Release */ = {
			isa = XCBuildConfiguration;
			baseConfigurationReference = 72E4DA4DEF5090DC3C29E5DD /* Pods-WorkWithLists.release.xcconfig */;
			buildSettings = {
				ASSETCATALOG_COMPILER_APPICON_NAME = AppIcon;
				ASSETCATALOG_COMPILER_GLOBAL_ACCENT_COLOR_NAME = AccentColor;
				CODE_SIGN_STYLE = Automatic;
				CURRENT_PROJECT_VERSION = 1;
				DEVELOPMENT_TEAM = G4T7QK2U75;
				GENERATE_INFOPLIST_FILE = YES;
				INFOPLIST_FILE = WorkWithLists/Resources/Info.plist;
				INFOPLIST_KEY_UIApplicationSupportsIndirectInputEvents = YES;
				INFOPLIST_KEY_UILaunchStoryboardName = LaunchScreen;
				INFOPLIST_KEY_UISupportedInterfaceOrientations_iPad = "UIInterfaceOrientationPortrait UIInterfaceOrientationPortraitUpsideDown UIInterfaceOrientationLandscapeLeft UIInterfaceOrientationLandscapeRight";
				INFOPLIST_KEY_UISupportedInterfaceOrientations_iPhone = "UIInterfaceOrientationPortrait UIInterfaceOrientationLandscapeLeft UIInterfaceOrientationLandscapeRight";
				IPHONEOS_DEPLOYMENT_TARGET = 16.0;
				LD_RUNPATH_SEARCH_PATHS = (
					"$(inherited)",
					"@executable_path/Frameworks",
				);
				MARKETING_VERSION = 1.0;
				PRODUCT_BUNDLE_IDENTIFIER = com.Innowise.Starovoytov.WorkWithLists;
				PRODUCT_NAME = "$(TARGET_NAME)";
				SWIFT_EMIT_LOC_STRINGS = YES;
				SWIFT_VERSION = 5.0;
				TARGETED_DEVICE_FAMILY = "1,2";
			};
			name = Release;
		};
/* End XCBuildConfiguration section */

/* Begin XCConfigurationList section */
		E95244202A518E500045FA59 /* Build configuration list for PBXProject "WorkWithLists" */ = {
			isa = XCConfigurationList;
			buildConfigurations = (
				E95244372A518E510045FA59 /* Debug */,
				E95244382A518E510045FA59 /* Release */,
			);
			defaultConfigurationIsVisible = 0;
			defaultConfigurationName = Release;
		};
		E95244392A518E510045FA59 /* Build configuration list for PBXNativeTarget "WorkWithLists" */ = {
			isa = XCConfigurationList;
			buildConfigurations = (
				E952443A2A518E510045FA59 /* Debug */,
				E952443B2A518E510045FA59 /* Release */,
			);
			defaultConfigurationIsVisible = 0;
			defaultConfigurationName = Release;
		};
/* End XCConfigurationList section */
	};
	rootObject = E952441D2A518E500045FA59 /* Project object */;
}
