// !$*UTF8*$!
{
	archiveVersion = 1;
	classes = {
	};
	objectVersion = 56;
	objects = {

/* Begin PBXBuildFile section */
		171EC6F9166FBA9A35FD0391 /* Pods_CustomProgressBar.framework in Frameworks */ = {isa = PBXBuildFile; fileRef = 9E4D4DC6D16AA73CA6F461AD /* Pods_CustomProgressBar.framework */; };
		E952A7F82A4B870300F99568 /* AppDelegate.swift in Sources */ = {isa = PBXBuildFile; fileRef = E952A7F72A4B870300F99568 /* AppDelegate.swift */; };
		E952A8012A4B870400F99568 /* Assets.xcassets in Resources */ = {isa = PBXBuildFile; fileRef = E952A8002A4B870400F99568 /* Assets.xcassets */; };
		E952A8042A4B870400F99568 /* LaunchScreen.storyboard in Resources */ = {isa = PBXBuildFile; fileRef = E952A8022A4B870400F99568 /* LaunchScreen.storyboard */; };
		E952A8102A4B890400F99568 /* CircleProgressBarView.swift in Sources */ = {isa = PBXBuildFile; fileRef = E952A80F2A4B890400F99568 /* CircleProgressBarView.swift */; };
		E9D932E52A4C8C7E00B6D7C2 /* MarkPro-Bold.otf in Resources */ = {isa = PBXBuildFile; fileRef = E9D932E42A4C8C7E00B6D7C2 /* MarkPro-Bold.otf */; };
		E9D932E82A4C8D1A00B6D7C2 /* UIView+Ex.swift in Sources */ = {isa = PBXBuildFile; fileRef = E9D932E72A4C8D1A00B6D7C2 /* UIView+Ex.swift */; };
		E9D932EA2A4C8E4100B6D7C2 /* Colors.xcassets in Resources */ = {isa = PBXBuildFile; fileRef = E9D932E92A4C8E4100B6D7C2 /* Colors.xcassets */; };
		E9D932EC2A4C910E00B6D7C2 /* Constants.swift in Sources */ = {isa = PBXBuildFile; fileRef = E9D932EB2A4C910E00B6D7C2 /* Constants.swift */; };
		E9D932F52A4C948800B6D7C2 /* CustomViewController.swift in Sources */ = {isa = PBXBuildFile; fileRef = E9D932F42A4C948800B6D7C2 /* CustomViewController.swift */; };
/* End PBXBuildFile section */

/* Begin PBXFileReference section */
		26A81FD3803B8B0EFDF2FA72 /* Pods-CustomProgressBar.release.xcconfig */ = {isa = PBXFileReference; includeInIndex = 1; lastKnownFileType = text.xcconfig; name = "Pods-CustomProgressBar.release.xcconfig"; path = "Target Support Files/Pods-CustomProgressBar/Pods-CustomProgressBar.release.xcconfig"; sourceTree = "<group>"; };
		47C0E4F104AE03A5A830B60E /* Pods-CustomProgressBar.debug.xcconfig */ = {isa = PBXFileReference; includeInIndex = 1; lastKnownFileType = text.xcconfig; name = "Pods-CustomProgressBar.debug.xcconfig"; path = "Target Support Files/Pods-CustomProgressBar/Pods-CustomProgressBar.debug.xcconfig"; sourceTree = "<group>"; };
		9E4D4DC6D16AA73CA6F461AD /* Pods_CustomProgressBar.framework */ = {isa = PBXFileReference; explicitFileType = wrapper.framework; includeInIndex = 0; path = Pods_CustomProgressBar.framework; sourceTree = BUILT_PRODUCTS_DIR; };
		E952A7F42A4B870300F99568 /* CustomProgressBar.app */ = {isa = PBXFileReference; explicitFileType = wrapper.application; includeInIndex = 0; path = CustomProgressBar.app; sourceTree = BUILT_PRODUCTS_DIR; };
		E952A7F72A4B870300F99568 /* AppDelegate.swift */ = {isa = PBXFileReference; lastKnownFileType = sourcecode.swift; path = AppDelegate.swift; sourceTree = "<group>"; };
		E952A8002A4B870400F99568 /* Assets.xcassets */ = {isa = PBXFileReference; lastKnownFileType = folder.assetcatalog; path = Assets.xcassets; sourceTree = "<group>"; };
		E952A8032A4B870400F99568 /* Base */ = {isa = PBXFileReference; lastKnownFileType = file.storyboard; name = Base; path = Base.lproj/LaunchScreen.storyboard; sourceTree = "<group>"; };
		E952A8052A4B870400F99568 /* Info.plist */ = {isa = PBXFileReference; lastKnownFileType = text.plist.xml; path = Info.plist; sourceTree = "<group>"; };
		E952A80F2A4B890400F99568 /* CircleProgressBarView.swift */ = {isa = PBXFileReference; lastKnownFileType = sourcecode.swift; path = CircleProgressBarView.swift; sourceTree = "<group>"; };
		E9D932E42A4C8C7E00B6D7C2 /* MarkPro-Bold.otf */ = {isa = PBXFileReference; lastKnownFileType = file; path = "MarkPro-Bold.otf"; sourceTree = "<group>"; };
		E9D932E72A4C8D1A00B6D7C2 /* UIView+Ex.swift */ = {isa = PBXFileReference; lastKnownFileType = sourcecode.swift; path = "UIView+Ex.swift"; sourceTree = "<group>"; };
		E9D932E92A4C8E4100B6D7C2 /* Colors.xcassets */ = {isa = PBXFileReference; lastKnownFileType = folder.assetcatalog; path = Colors.xcassets; sourceTree = "<group>"; };
		E9D932EB2A4C910E00B6D7C2 /* Constants.swift */ = {isa = PBXFileReference; lastKnownFileType = sourcecode.swift; path = Constants.swift; sourceTree = "<group>"; };
		E9D932F42A4C948800B6D7C2 /* CustomViewController.swift */ = {isa = PBXFileReference; lastKnownFileType = sourcecode.swift; path = CustomViewController.swift; sourceTree = "<group>"; };
/* End PBXFileReference section */

/* Begin PBXFrameworksBuildPhase section */
		E952A7F12A4B870300F99568 /* Frameworks */ = {
			isa = PBXFrameworksBuildPhase;
			buildActionMask = 2147483647;
			files = (
				171EC6F9166FBA9A35FD0391 /* Pods_CustomProgressBar.framework in Frameworks */,
			);
			runOnlyForDeploymentPostprocessing = 0;
		};
/* End PBXFrameworksBuildPhase section */

/* Begin PBXGroup section */
		093C0A5E79CFB99C90AD25F5 /* Pods */ = {
			isa = PBXGroup;
			children = (
				47C0E4F104AE03A5A830B60E /* Pods-CustomProgressBar.debug.xcconfig */,
				26A81FD3803B8B0EFDF2FA72 /* Pods-CustomProgressBar.release.xcconfig */,
			);
			path = Pods;
			sourceTree = "<group>";
		};
		B0F73D455E4FA6F273CBB546 /* Frameworks */ = {
			isa = PBXGroup;
			children = (
				9E4D4DC6D16AA73CA6F461AD /* Pods_CustomProgressBar.framework */,
			);
			name = Frameworks;
			sourceTree = "<group>";
		};
		E952A7EB2A4B870300F99568 = {
			isa = PBXGroup;
			children = (
				E952A7F62A4B870300F99568 /* CustomProgressBar */,
				E952A7F52A4B870300F99568 /* Products */,
				093C0A5E79CFB99C90AD25F5 /* Pods */,
				B0F73D455E4FA6F273CBB546 /* Frameworks */,
			);
			sourceTree = "<group>";
		};
		E952A7F52A4B870300F99568 /* Products */ = {
			isa = PBXGroup;
			children = (
				E952A7F42A4B870300F99568 /* CustomProgressBar.app */,
			);
			name = Products;
			sourceTree = "<group>";
		};
		E952A7F62A4B870300F99568 /* CustomProgressBar */ = {
			isa = PBXGroup;
			children = (
				E952A80B2A4B872600F99568 /* Application */,
				E9D932F32A4C948000B6D7C2 /* ViewController */,
				E9D932ED2A4C926D00B6D7C2 /* Bar */,
				E9D932E62A4C8D0D00B6D7C2 /* UIExtensions */,
				E952A80D2A4B873D00F99568 /* Resources */,
			);
			path = CustomProgressBar;
			sourceTree = "<group>";
		};
		E952A80B2A4B872600F99568 /* Application */ = {
			isa = PBXGroup;
			children = (
				E952A7F72A4B870300F99568 /* AppDelegate.swift */,
			);
			path = Application;
			sourceTree = "<group>";
		};
		E952A80D2A4B873D00F99568 /* Resources */ = {
			isa = PBXGroup;
			children = (
				E952A80E2A4B874E00F99568 /* Assets */,
				E9D932E32A4C8C4500B6D7C2 /* Fonts */,
				E9D932EB2A4C910E00B6D7C2 /* Constants.swift */,
				E952A8022A4B870400F99568 /* LaunchScreen.storyboard */,
				E952A8052A4B870400F99568 /* Info.plist */,
			);
			path = Resources;
			sourceTree = "<group>";
		};
		E952A80E2A4B874E00F99568 /* Assets */ = {
			isa = PBXGroup;
			children = (
				E952A8002A4B870400F99568 /* Assets.xcassets */,
				E9D932E92A4C8E4100B6D7C2 /* Colors.xcassets */,
			);
			path = Assets;
			sourceTree = "<group>";
		};
		E9D932E32A4C8C4500B6D7C2 /* Fonts */ = {
			isa = PBXGroup;
			children = (
				E9D932E42A4C8C7E00B6D7C2 /* MarkPro-Bold.otf */,
			);
			path = Fonts;
			sourceTree = "<group>";
		};
		E9D932E62A4C8D0D00B6D7C2 /* UIExtensions */ = {
			isa = PBXGroup;
			children = (
				E9D932E72A4C8D1A00B6D7C2 /* UIView+Ex.swift */,
			);
			path = UIExtensions;
			sourceTree = "<group>";
		};
		E9D932ED2A4C926D00B6D7C2 /* Bar */ = {
			isa = PBXGroup;
			children = (
				E952A80F2A4B890400F99568 /* CircleProgressBarView.swift */,
			);
			path = Bar;
			sourceTree = "<group>";
		};
		E9D932F32A4C948000B6D7C2 /* ViewController */ = {
			isa = PBXGroup;
			children = (
				E9D932F42A4C948800B6D7C2 /* CustomViewController.swift */,
			);
			path = ViewController;
			sourceTree = "<group>";
		};
/* End PBXGroup section */

/* Begin PBXNativeTarget section */
		E952A7F32A4B870300F99568 /* CustomProgressBar */ = {
			isa = PBXNativeTarget;
			buildConfigurationList = E952A8082A4B870400F99568 /* Build configuration list for PBXNativeTarget "CustomProgressBar" */;
			buildPhases = (
				4BC5B935C164C6068B130986 /* [CP] Check Pods Manifest.lock */,
				E952A7F02A4B870300F99568 /* Sources */,
				E952A7F12A4B870300F99568 /* Frameworks */,
				E952A7F22A4B870300F99568 /* Resources */,
				C9BF221D1873CE1E52E2272F /* [CP] Embed Pods Frameworks */,
			);
			buildRules = (
			);
			dependencies = (
			);
			name = CustomProgressBar;
			productName = CustomProgressBar;
			productReference = E952A7F42A4B870300F99568 /* CustomProgressBar.app */;
			productType = "com.apple.product-type.application";
		};
/* End PBXNativeTarget section */

/* Begin PBXProject section */
		E952A7EC2A4B870300F99568 /* Project object */ = {
			isa = PBXProject;
			attributes = {
				BuildIndependentTargetsInParallel = 1;
				LastSwiftUpdateCheck = 1430;
				LastUpgradeCheck = 1430;
				TargetAttributes = {
					E952A7F32A4B870300F99568 = {
						CreatedOnToolsVersion = 14.3.1;
					};
				};
			};
			buildConfigurationList = E952A7EF2A4B870300F99568 /* Build configuration list for PBXProject "CustomProgressBar" */;
			compatibilityVersion = "Xcode 14.0";
			developmentRegion = en;
			hasScannedForEncodings = 0;
			knownRegions = (
				en,
				Base,
			);
			mainGroup = E952A7EB2A4B870300F99568;
			productRefGroup = E952A7F52A4B870300F99568 /* Products */;
			projectDirPath = "";
			projectRoot = "";
			targets = (
				E952A7F32A4B870300F99568 /* CustomProgressBar */,
			);
		};
/* End PBXProject section */

/* Begin PBXResourcesBuildPhase section */
		E952A7F22A4B870300F99568 /* Resources */ = {
			isa = PBXResourcesBuildPhase;
			buildActionMask = 2147483647;
			files = (
				E9D932E52A4C8C7E00B6D7C2 /* MarkPro-Bold.otf in Resources */,
				E9D932EA2A4C8E4100B6D7C2 /* Colors.xcassets in Resources */,
				E952A8042A4B870400F99568 /* LaunchScreen.storyboard in Resources */,
				E952A8012A4B870400F99568 /* Assets.xcassets in Resources */,
			);
			runOnlyForDeploymentPostprocessing = 0;
		};
/* End PBXResourcesBuildPhase section */

/* Begin PBXShellScriptBuildPhase section */
		4BC5B935C164C6068B130986 /* [CP] Check Pods Manifest.lock */ = {
			isa = PBXShellScriptBuildPhase;
			buildActionMask = 2147483647;
			files = (
			);
			inputFileListPaths = (
			);
			inputPaths = (
				"${PODS_PODFILE_DIR_PATH}/Podfile.lock",
				"${PODS_ROOT}/Manifest.lock",
			);
			name = "[CP] Check Pods Manifest.lock";
			outputFileListPaths = (
			);
			outputPaths = (
				"$(DERIVED_FILE_DIR)/Pods-CustomProgressBar-checkManifestLockResult.txt",
			);
			runOnlyForDeploymentPostprocessing = 0;
			shellPath = /bin/sh;
			shellScript = "diff \"${PODS_PODFILE_DIR_PATH}/Podfile.lock\" \"${PODS_ROOT}/Manifest.lock\" > /dev/null\nif [ $? != 0 ] ; then\n    # print error to STDERR\n    echo \"error: The sandbox is not in sync with the Podfile.lock. Run 'pod install' or update your CocoaPods installation.\" >&2\n    exit 1\nfi\n# This output is used by Xcode 'outputs' to avoid re-running this script phase.\necho \"SUCCESS\" > \"${SCRIPT_OUTPUT_FILE_0}\"\n";
			showEnvVarsInLog = 0;
		};
		C9BF221D1873CE1E52E2272F /* [CP] Embed Pods Frameworks */ = {
			isa = PBXShellScriptBuildPhase;
			buildActionMask = 2147483647;
			files = (
			);
			inputFileListPaths = (
				"${PODS_ROOT}/Target Support Files/Pods-CustomProgressBar/Pods-CustomProgressBar-frameworks-${CONFIGURATION}-input-files.xcfilelist",
			);
			name = "[CP] Embed Pods Frameworks";
			outputFileListPaths = (
				"${PODS_ROOT}/Target Support Files/Pods-CustomProgressBar/Pods-CustomProgressBar-frameworks-${CONFIGURATION}-output-files.xcfilelist",
			);
			runOnlyForDeploymentPostprocessing = 0;
			shellPath = /bin/sh;
			shellScript = "\"${PODS_ROOT}/Target Support Files/Pods-CustomProgressBar/Pods-CustomProgressBar-frameworks.sh\"\n";
			showEnvVarsInLog = 0;
		};
/* End PBXShellScriptBuildPhase section */

/* Begin PBXSourcesBuildPhase section */
		E952A7F02A4B870300F99568 /* Sources */ = {
			isa = PBXSourcesBuildPhase;
			buildActionMask = 2147483647;
			files = (
				E9D932EC2A4C910E00B6D7C2 /* Constants.swift in Sources */,
				E9D932F52A4C948800B6D7C2 /* CustomViewController.swift in Sources */,
				E952A8102A4B890400F99568 /* CircleProgressBarView.swift in Sources */,
				E952A7F82A4B870300F99568 /* AppDelegate.swift in Sources */,
				E9D932E82A4C8D1A00B6D7C2 /* UIView+Ex.swift in Sources */,
			);
			runOnlyForDeploymentPostprocessing = 0;
		};
/* End PBXSourcesBuildPhase section */

/* Begin PBXVariantGroup section */
		E952A8022A4B870400F99568 /* LaunchScreen.storyboard */ = {
			isa = PBXVariantGroup;
			children = (
				E952A8032A4B870400F99568 /* Base */,
			);
			name = LaunchScreen.storyboard;
			sourceTree = "<group>";
		};
/* End PBXVariantGroup section */

/* Begin XCBuildConfiguration section */
		E952A8062A4B870400F99568 /* Debug */ = {
			isa = XCBuildConfiguration;
			buildSettings = {
				ALWAYS_SEARCH_USER_PATHS = NO;
				CLANG_ANALYZER_NONNULL = YES;
				CLANG_ANALYZER_NUMBER_OBJECT_CONVERSION = YES_AGGRESSIVE;
				CLANG_CXX_LANGUAGE_STANDARD = "gnu++20";
				CLANG_ENABLE_MODULES = YES;
				CLANG_ENABLE_OBJC_ARC = YES;
				CLANG_ENABLE_OBJC_WEAK = YES;
				CLANG_WARN_BLOCK_CAPTURE_AUTORELEASING = YES;
				CLANG_WARN_BOOL_CONVERSION = YES;
				CLANG_WARN_COMMA = YES;
				CLANG_WARN_CONSTANT_CONVERSION = YES;
				CLANG_WARN_DEPRECATED_OBJC_IMPLEMENTATIONS = YES;
				CLANG_WARN_DIRECT_OBJC_ISA_USAGE = YES_ERROR;
				CLANG_WARN_DOCUMENTATION_COMMENTS = YES;
				CLANG_WARN_EMPTY_BODY = YES;
				CLANG_WARN_ENUM_CONVERSION = YES;
				CLANG_WARN_INFINITE_RECURSION = YES;
				CLANG_WARN_INT_CONVERSION = YES;
				CLANG_WARN_NON_LITERAL_NULL_CONVERSION = YES;
				CLANG_WARN_OBJC_IMPLICIT_RETAIN_SELF = YES;
				CLANG_WARN_OBJC_LITERAL_CONVERSION = YES;
				CLANG_WARN_OBJC_ROOT_CLASS = YES_ERROR;
				CLANG_WARN_QUOTED_INCLUDE_IN_FRAMEWORK_HEADER = YES;
				CLANG_WARN_RANGE_LOOP_ANALYSIS = YES;
				CLANG_WARN_STRICT_PROTOTYPES = YES;
				CLANG_WARN_SUSPICIOUS_MOVE = YES;
				CLANG_WARN_UNGUARDED_AVAILABILITY = YES_AGGRESSIVE;
				CLANG_WARN_UNREACHABLE_CODE = YES;
				CLANG_WARN__DUPLICATE_METHOD_MATCH = YES;
				COPY_PHASE_STRIP = NO;
				DEBUG_INFORMATION_FORMAT = dwarf;
				ENABLE_STRICT_OBJC_MSGSEND = YES;
				ENABLE_TESTABILITY = YES;
				GCC_C_LANGUAGE_STANDARD = gnu11;
				GCC_DYNAMIC_NO_PIC = NO;
				GCC_NO_COMMON_BLOCKS = YES;
				GCC_OPTIMIZATION_LEVEL = 0;
				GCC_PREPROCESSOR_DEFINITIONS = (
					"DEBUG=1",
					"$(inherited)",
				);
				GCC_WARN_64_TO_32_BIT_CONVERSION = YES;
				GCC_WARN_ABOUT_RETURN_TYPE = YES_ERROR;
				GCC_WARN_UNDECLARED_SELECTOR = YES;
				GCC_WARN_UNINITIALIZED_AUTOS = YES_AGGRESSIVE;
				GCC_WARN_UNUSED_FUNCTION = YES;
				GCC_WARN_UNUSED_VARIABLE = YES;
				IPHONEOS_DEPLOYMENT_TARGET = 16.0;
				MTL_ENABLE_DEBUG_INFO = INCLUDE_SOURCE;
				MTL_FAST_MATH = YES;
				ONLY_ACTIVE_ARCH = YES;
				SDKROOT = iphoneos;
				SWIFT_ACTIVE_COMPILATION_CONDITIONS = DEBUG;
				SWIFT_OPTIMIZATION_LEVEL = "-Onone";
			};
			name = Debug;
		};
		E952A8072A4B870400F99568 /* Release */ = {
			isa = XCBuildConfiguration;
			buildSettings = {
				ALWAYS_SEARCH_USER_PATHS = NO;
				CLANG_ANALYZER_NONNULL = YES;
				CLANG_ANALYZER_NUMBER_OBJECT_CONVERSION = YES_AGGRESSIVE;
				CLANG_CXX_LANGUAGE_STANDARD = "gnu++20";
				CLANG_ENABLE_MODULES = YES;
				CLANG_ENABLE_OBJC_ARC = YES;
				CLANG_ENABLE_OBJC_WEAK = YES;
				CLANG_WARN_BLOCK_CAPTURE_AUTORELEASING = YES;
				CLANG_WARN_BOOL_CONVERSION = YES;
				CLANG_WARN_COMMA = YES;
				CLANG_WARN_CONSTANT_CONVERSION = YES;
				CLANG_WARN_DEPRECATED_OBJC_IMPLEMENTATIONS = YES;
				CLANG_WARN_DIRECT_OBJC_ISA_USAGE = YES_ERROR;
				CLANG_WARN_DOCUMENTATION_COMMENTS = YES;
				CLANG_WARN_EMPTY_BODY = YES;
				CLANG_WARN_ENUM_CONVERSION = YES;
				CLANG_WARN_INFINITE_RECURSION = YES;
				CLANG_WARN_INT_CONVERSION = YES;
				CLANG_WARN_NON_LITERAL_NULL_CONVERSION = YES;
				CLANG_WARN_OBJC_IMPLICIT_RETAIN_SELF = YES;
				CLANG_WARN_OBJC_LITERAL_CONVERSION = YES;
				CLANG_WARN_OBJC_ROOT_CLASS = YES_ERROR;
				CLANG_WARN_QUOTED_INCLUDE_IN_FRAMEWORK_HEADER = YES;
				CLANG_WARN_RANGE_LOOP_ANALYSIS = YES;
				CLANG_WARN_STRICT_PROTOTYPES = YES;
				CLANG_WARN_SUSPICIOUS_MOVE = YES;
				CLANG_WARN_UNGUARDED_AVAILABILITY = YES_AGGRESSIVE;
				CLANG_WARN_UNREACHABLE_CODE = YES;
				CLANG_WARN__DUPLICATE_METHOD_MATCH = YES;
				COPY_PHASE_STRIP = NO;
				DEBUG_INFORMATION_FORMAT = "dwarf-with-dsym";
				ENABLE_NS_ASSERTIONS = NO;
				ENABLE_STRICT_OBJC_MSGSEND = YES;
				GCC_C_LANGUAGE_STANDARD = gnu11;
				GCC_NO_COMMON_BLOCKS = YES;
				GCC_WARN_64_TO_32_BIT_CONVERSION = YES;
				GCC_WARN_ABOUT_RETURN_TYPE = YES_ERROR;
				GCC_WARN_UNDECLARED_SELECTOR = YES;
				GCC_WARN_UNINITIALIZED_AUTOS = YES_AGGRESSIVE;
				GCC_WARN_UNUSED_FUNCTION = YES;
				GCC_WARN_UNUSED_VARIABLE = YES;
				IPHONEOS_DEPLOYMENT_TARGET = 16.0;
				MTL_ENABLE_DEBUG_INFO = NO;
				MTL_FAST_MATH = YES;
				SDKROOT = iphoneos;
				SWIFT_COMPILATION_MODE = wholemodule;
				SWIFT_OPTIMIZATION_LEVEL = "-O";
				VALIDATE_PRODUCT = YES;
			};
			name = Release;
		};
		E952A8092A4B870400F99568 /* Debug */ = {
			isa = XCBuildConfiguration;
			baseConfigurationReference = 47C0E4F104AE03A5A830B60E /* Pods-CustomProgressBar.debug.xcconfig */;
			buildSettings = {
				ASSETCATALOG_COMPILER_APPICON_NAME = AppIcon;
				ASSETCATALOG_COMPILER_GLOBAL_ACCENT_COLOR_NAME = AccentColor;
				CODE_SIGN_STYLE = Automatic;
				CURRENT_PROJECT_VERSION = 1;
				DEVELOPMENT_TEAM = G4T7QK2U75;
				GENERATE_INFOPLIST_FILE = YES;
				INFOPLIST_FILE = CustomProgressBar/Resources/Info.plist;
				INFOPLIST_KEY_UIApplicationSupportsIndirectInputEvents = YES;
				INFOPLIST_KEY_UILaunchStoryboardName = LaunchScreen;
				INFOPLIST_KEY_UISupportedInterfaceOrientations_iPad = "UIInterfaceOrientationPortrait UIInterfaceOrientationPortraitUpsideDown UIInterfaceOrientationLandscapeLeft UIInterfaceOrientationLandscapeRight";
				INFOPLIST_KEY_UISupportedInterfaceOrientations_iPhone = "UIInterfaceOrientationPortrait UIInterfaceOrientationLandscapeLeft UIInterfaceOrientationLandscapeRight";
				IPHONEOS_DEPLOYMENT_TARGET = 16.0;
				LD_RUNPATH_SEARCH_PATHS = (
					"$(inherited)",
					"@executable_path/Frameworks",
				);
				MARKETING_VERSION = 1.0;
				PRODUCT_BUNDLE_IDENTIFIER = com.Innowise.Starovoytov.CustomProgressBar;
				PRODUCT_NAME = "$(TARGET_NAME)";
				SWIFT_EMIT_LOC_STRINGS = YES;
				SWIFT_VERSION = 5.0;
				TARGETED_DEVICE_FAMILY = "1,2";
			};
			name = Debug;
		};
		E952A80A2A4B870400F99568 /* Release */ = {
			isa = XCBuildConfiguration;
			baseConfigurationReference = 26A81FD3803B8B0EFDF2FA72 /* Pods-CustomProgressBar.release.xcconfig */;
			buildSettings = {
				ASSETCATALOG_COMPILER_APPICON_NAME = AppIcon;
				ASSETCATALOG_COMPILER_GLOBAL_ACCENT_COLOR_NAME = AccentColor;
				CODE_SIGN_STYLE = Automatic;
				CURRENT_PROJECT_VERSION = 1;
				DEVELOPMENT_TEAM = G4T7QK2U75;
				GENERATE_INFOPLIST_FILE = YES;
				INFOPLIST_FILE = CustomProgressBar/Resources/Info.plist;
				INFOPLIST_KEY_UIApplicationSupportsIndirectInputEvents = YES;
				INFOPLIST_KEY_UILaunchStoryboardName = LaunchScreen;
				INFOPLIST_KEY_UISupportedInterfaceOrientations_iPad = "UIInterfaceOrientationPortrait UIInterfaceOrientationPortraitUpsideDown UIInterfaceOrientationLandscapeLeft UIInterfaceOrientationLandscapeRight";
				INFOPLIST_KEY_UISupportedInterfaceOrientations_iPhone = "UIInterfaceOrientationPortrait UIInterfaceOrientationLandscapeLeft UIInterfaceOrientationLandscapeRight";
				IPHONEOS_DEPLOYMENT_TARGET = 16.0;
				LD_RUNPATH_SEARCH_PATHS = (
					"$(inherited)",
					"@executable_path/Frameworks",
				);
				MARKETING_VERSION = 1.0;
				PRODUCT_BUNDLE_IDENTIFIER = com.Innowise.Starovoytov.CustomProgressBar;
				PRODUCT_NAME = "$(TARGET_NAME)";
				SWIFT_EMIT_LOC_STRINGS = YES;
				SWIFT_VERSION = 5.0;
				TARGETED_DEVICE_FAMILY = "1,2";
			};
			name = Release;
		};
/* End XCBuildConfiguration section */

/* Begin XCConfigurationList section */
		E952A7EF2A4B870300F99568 /* Build configuration list for PBXProject "CustomProgressBar" */ = {
			isa = XCConfigurationList;
			buildConfigurations = (
				E952A8062A4B870400F99568 /* Debug */,
				E952A8072A4B870400F99568 /* Release */,
			);
			defaultConfigurationIsVisible = 0;
			defaultConfigurationName = Release;
		};
		E952A8082A4B870400F99568 /* Build configuration list for PBXNativeTarget "CustomProgressBar" */ = {
			isa = XCConfigurationList;
			buildConfigurations = (
				E952A8092A4B870400F99568 /* Debug */,
				E952A80A2A4B870400F99568 /* Release */,
			);
			defaultConfigurationIsVisible = 0;
			defaultConfigurationName = Release;
		};
/* End XCConfigurationList section */
	};
	rootObject = E952A7EC2A4B870300F99568 /* Project object */;
}
